// !$*UTF8*$!
{
	archiveVersion = 1;
	classes = {
	};
	objectVersion = 55;
	objects = {

/* Begin PBXBuildFile section */
		F63C027C287EAEB900CA0F07 /* AppDelegate.swift in Sources */ = {isa = PBXBuildFile; fileRef = F63C027B287EAEB900CA0F07 /* AppDelegate.swift */; };
		F63C027E287EAEB900CA0F07 /* SceneDelegate.swift in Sources */ = {isa = PBXBuildFile; fileRef = F63C027D287EAEB900CA0F07 /* SceneDelegate.swift */; };
		F63C0280287EAEB900CA0F07 /* ViewController.swift in Sources */ = {isa = PBXBuildFile; fileRef = F63C027F287EAEB900CA0F07 /* ViewController.swift */; };
		F63C0283287EAEB900CA0F07 /* Main.storyboard in Resources */ = {isa = PBXBuildFile; fileRef = F63C0281287EAEB900CA0F07 /* Main.storyboard */; };
		F63C0285287EAEBB00CA0F07 /* Assets.xcassets in Resources */ = {isa = PBXBuildFile; fileRef = F63C0284287EAEBB00CA0F07 /* Assets.xcassets */; };
		F63C0288287EAEBB00CA0F07 /* LaunchScreen.storyboard in Resources */ = {isa = PBXBuildFile; fileRef = F63C0286287EAEBB00CA0F07 /* LaunchScreen.storyboard */; };
		F63C0299287FAF5100CA0F07 /* FSCalendar in Frameworks */ = {isa = PBXBuildFile; productRef = F63C0298287FAF5100CA0F07 /* FSCalendar */; };
		F63C029C287FAFAD00CA0F07 /* SideMenu in Frameworks */ = {isa = PBXBuildFile; productRef = F63C029B287FAFAD00CA0F07 /* SideMenu */; };
		F63C029F287FAFCF00CA0F07 /* TextFieldEffects in Frameworks */ = {isa = PBXBuildFile; productRef = F63C029E287FAFCF00CA0F07 /* TextFieldEffects */; };
		F63C02A2287FB22200CA0F07 /* Search.storyboard in Resources */ = {isa = PBXBuildFile; fileRef = F63C02A1287FB22200CA0F07 /* Search.storyboard */; };
		F63C02A5287FBE4200CA0F07 /* IQKeyboardManagerSwift in Frameworks */ = {isa = PBXBuildFile; productRef = F63C02A4287FBE4200CA0F07 /* IQKeyboardManagerSwift */; };
		F63C02A7287FC2A300CA0F07 /* TestViewController.swift in Sources */ = {isa = PBXBuildFile; fileRef = F63C02A6287FC2A300CA0F07 /* TestViewController.swift */; };
/* End PBXBuildFile section */

/* Begin PBXFileReference section */
		F63C0278287EAEB900CA0F07 /* SeSAC Week2 EventdayCalculator.app */ = {isa = PBXFileReference; explicitFileType = wrapper.application; includeInIndex = 0; path = "SeSAC Week2 EventdayCalculator.app"; sourceTree = BUILT_PRODUCTS_DIR; };
		F63C027B287EAEB900CA0F07 /* AppDelegate.swift */ = {isa = PBXFileReference; lastKnownFileType = sourcecode.swift; path = AppDelegate.swift; sourceTree = "<group>"; };
		F63C027D287EAEB900CA0F07 /* SceneDelegate.swift */ = {isa = PBXFileReference; lastKnownFileType = sourcecode.swift; path = SceneDelegate.swift; sourceTree = "<group>"; };
		F63C027F287EAEB900CA0F07 /* ViewController.swift */ = {isa = PBXFileReference; lastKnownFileType = sourcecode.swift; path = ViewController.swift; sourceTree = "<group>"; };
		F63C0282287EAEB900CA0F07 /* Base */ = {isa = PBXFileReference; lastKnownFileType = file.storyboard; name = Base; path = Base.lproj/Main.storyboard; sourceTree = "<group>"; };
		F63C0284287EAEBB00CA0F07 /* Assets.xcassets */ = {isa = PBXFileReference; lastKnownFileType = folder.assetcatalog; path = Assets.xcassets; sourceTree = "<group>"; };
		F63C0287287EAEBB00CA0F07 /* Base */ = {isa = PBXFileReference; lastKnownFileType = file.storyboard; name = Base; path = Base.lproj/LaunchScreen.storyboard; sourceTree = "<group>"; };
		F63C0289287EAEBB00CA0F07 /* Info.plist */ = {isa = PBXFileReference; lastKnownFileType = text.plist.xml; path = Info.plist; sourceTree = "<group>"; };
		F63C02A1287FB22200CA0F07 /* Search.storyboard */ = {isa = PBXFileReference; lastKnownFileType = file.storyboard; path = Search.storyboard; sourceTree = "<group>"; };
		F63C02A6287FC2A300CA0F07 /* TestViewController.swift */ = {isa = PBXFileReference; lastKnownFileType = sourcecode.swift; path = TestViewController.swift; sourceTree = "<group>"; };
/* End PBXFileReference section */

/* Begin PBXFrameworksBuildPhase section */
		F63C0275287EAEB900CA0F07 /* Frameworks */ = {
			isa = PBXFrameworksBuildPhase;
			buildActionMask = 2147483647;
			files = (
				F63C029F287FAFCF00CA0F07 /* TextFieldEffects in Frameworks */,
				F63C02A5287FBE4200CA0F07 /* IQKeyboardManagerSwift in Frameworks */,
				F63C029C287FAFAD00CA0F07 /* SideMenu in Frameworks */,
				F63C0299287FAF5100CA0F07 /* FSCalendar in Frameworks */,
			);
			runOnlyForDeploymentPostprocessing = 0;
		};
/* End PBXFrameworksBuildPhase section */

/* Begin PBXGroup section */
		F63C026F287EAEB900CA0F07 = {
			isa = PBXGroup;
			children = (
				F63C027A287EAEB900CA0F07 /* SeSAC Week2 EventdayCalculator */,
				F63C0279287EAEB900CA0F07 /* Products */,
			);
			sourceTree = "<group>";
		};
		F63C0279287EAEB900CA0F07 /* Products */ = {
			isa = PBXGroup;
			children = (
				F63C0278287EAEB900CA0F07 /* SeSAC Week2 EventdayCalculator.app */,
			);
			name = Products;
			sourceTree = "<group>";
		};
		F63C027A287EAEB900CA0F07 /* SeSAC Week2 EventdayCalculator */ = {
			isa = PBXGroup;
			children = (
				F63C02A0287FB21200CA0F07 /* New Group */,
				F63C027B287EAEB900CA0F07 /* AppDelegate.swift */,
				F63C027D287EAEB900CA0F07 /* SceneDelegate.swift */,
				F63C027F287EAEB900CA0F07 /* ViewController.swift */,
				F63C0281287EAEB900CA0F07 /* Main.storyboard */,
				F63C0284287EAEBB00CA0F07 /* Assets.xcassets */,
				F63C0286287EAEBB00CA0F07 /* LaunchScreen.storyboard */,
				F63C0289287EAEBB00CA0F07 /* Info.plist */,
			);
			path = "SeSAC Week2 EventdayCalculator";
			sourceTree = "<group>";
		};
		F63C02A0287FB21200CA0F07 /* New Group */ = {
			isa = PBXGroup;
			children = (
				F63C02A1287FB22200CA0F07 /* Search.storyboard */,
				F63C02A6287FC2A300CA0F07 /* TestViewController.swift */,
			);
			path = "New Group";
			sourceTree = "<group>";
		};
/* End PBXGroup section */

/* Begin PBXNativeTarget section */
		F63C0277287EAEB900CA0F07 /* SeSAC Week2 EventdayCalculator */ = {
			isa = PBXNativeTarget;
			buildConfigurationList = F63C028C287EAEBB00CA0F07 /* Build configuration list for PBXNativeTarget "SeSAC Week2 EventdayCalculator" */;
			buildPhases = (
				F63C0274287EAEB900CA0F07 /* Sources */,
				F63C0275287EAEB900CA0F07 /* Frameworks */,
				F63C0276287EAEB900CA0F07 /* Resources */,
			);
			buildRules = (
			);
			dependencies = (
			);
			name = "SeSAC Week2 EventdayCalculator";
			packageProductDependencies = (
				F63C0298287FAF5100CA0F07 /* FSCalendar */,
				F63C029B287FAFAD00CA0F07 /* SideMenu */,
				F63C029E287FAFCF00CA0F07 /* TextFieldEffects */,
				F63C02A4287FBE4200CA0F07 /* IQKeyboardManagerSwift */,
			);
			productName = "SeSAC Week2 EventdayCalculator";
			productReference = F63C0278287EAEB900CA0F07 /* SeSAC Week2 EventdayCalculator.app */;
			productType = "com.apple.product-type.application";
		};
/* End PBXNativeTarget section */

/* Begin PBXProject section */
		F63C0270287EAEB900CA0F07 /* Project object */ = {
			isa = PBXProject;
			attributes = {
				BuildIndependentTargetsInParallel = 1;
				LastSwiftUpdateCheck = 1330;
				LastUpgradeCheck = 1330;
				TargetAttributes = {
					F63C0277287EAEB900CA0F07 = {
						CreatedOnToolsVersion = 13.3.1;
					};
				};
			};
			buildConfigurationList = F63C0273287EAEB900CA0F07 /* Build configuration list for PBXProject "SeSAC Week2 EventdayCalculator" */;
			compatibilityVersion = "Xcode 13.0";
			developmentRegion = en;
			hasScannedForEncodings = 0;
			knownRegions = (
				en,
				Base,
			);
			mainGroup = F63C026F287EAEB900CA0F07;
			packageReferences = (
				F63C0297287FAF5100CA0F07 /* XCRemoteSwiftPackageReference "FSCalendar" */,
				F63C029A287FAFAD00CA0F07 /* XCRemoteSwiftPackageReference "SideMenu" */,
				F63C029D287FAFCF00CA0F07 /* XCRemoteSwiftPackageReference "TextFieldEffects" */,
				F63C02A3287FBE4200CA0F07 /* XCRemoteSwiftPackageReference "IQKeyboardManager" */,
			);
			productRefGroup = F63C0279287EAEB900CA0F07 /* Products */;
			projectDirPath = "";
			projectRoot = "";
			targets = (
				F63C0277287EAEB900CA0F07 /* SeSAC Week2 EventdayCalculator */,
			);
		};
/* End PBXProject section */

/* Begin PBXResourcesBuildPhase section */
		F63C0276287EAEB900CA0F07 /* Resources */ = {
			isa = PBXResourcesBuildPhase;
			buildActionMask = 2147483647;
			files = (
				F63C0288287EAEBB00CA0F07 /* LaunchScreen.storyboard in Resources */,
				F63C0285287EAEBB00CA0F07 /* Assets.xcassets in Resources */,
				F63C02A2287FB22200CA0F07 /* Search.storyboard in Resources */,
				F63C0283287EAEB900CA0F07 /* Main.storyboard in Resources */,
			);
			runOnlyForDeploymentPostprocessing = 0;
		};
/* End PBXResourcesBuildPhase section */

/* Begin PBXSourcesBuildPhase section */
		F63C0274287EAEB900CA0F07 /* Sources */ = {
			isa = PBXSourcesBuildPhase;
			buildActionMask = 2147483647;
			files = (
				F63C0280287EAEB900CA0F07 /* ViewController.swift in Sources */,
				F63C027C287EAEB900CA0F07 /* AppDelegate.swift in Sources */,
				F63C02A7287FC2A300CA0F07 /* TestViewController.swift in Sources */,
				F63C027E287EAEB900CA0F07 /* SceneDelegate.swift in Sources */,
			);
			runOnlyForDeploymentPostprocessing = 0;
		};
/* End PBXSourcesBuildPhase section */

/* Begin PBXVariantGroup section */
		F63C0281287EAEB900CA0F07 /* Main.storyboard */ = {
			isa = PBXVariantGroup;
			children = (
				F63C0282287EAEB900CA0F07 /* Base */,
			);
			name = Main.storyboard;
			sourceTree = "<group>";
		};
		F63C0286287EAEBB00CA0F07 /* LaunchScreen.storyboard */ = {
			isa = PBXVariantGroup;
			children = (
				F63C0287287EAEBB00CA0F07 /* Base */,
			);
			name = LaunchScreen.storyboard;
			sourceTree = "<group>";
		};
/* End PBXVariantGroup section */

/* Begin XCBuildConfiguration section */
		F63C028A287EAEBB00CA0F07 /* Debug */ = {
			isa = XCBuildConfiguration;
			buildSettings = {
				ALWAYS_SEARCH_USER_PATHS = NO;
				CLANG_ANALYZER_NONNULL = YES;
				CLANG_ANALYZER_NUMBER_OBJECT_CONVERSION = YES_AGGRESSIVE;
				CLANG_CXX_LANGUAGE_STANDARD = "gnu++17";
				CLANG_ENABLE_MODULES = YES;
				CLANG_ENABLE_OBJC_ARC = YES;
				CLANG_ENABLE_OBJC_WEAK = YES;
				CLANG_WARN_BLOCK_CAPTURE_AUTORELEASING = YES;
				CLANG_WARN_BOOL_CONVERSION = YES;
				CLANG_WARN_COMMA = YES;
				CLANG_WARN_CONSTANT_CONVERSION = YES;
				CLANG_WARN_DEPRECATED_OBJC_IMPLEMENTATIONS = YES;
				CLANG_WARN_DIRECT_OBJC_ISA_USAGE = YES_ERROR;
				CLANG_WARN_DOCUMENTATION_COMMENTS = YES;
				CLANG_WARN_EMPTY_BODY = YES;
				CLANG_WARN_ENUM_CONVERSION = YES;
				CLANG_WARN_INFINITE_RECURSION = YES;
				CLANG_WARN_INT_CONVERSION = YES;
				CLANG_WARN_NON_LITERAL_NULL_CONVERSION = YES;
				CLANG_WARN_OBJC_IMPLICIT_RETAIN_SELF = YES;
				CLANG_WARN_OBJC_LITERAL_CONVERSION = YES;
				CLANG_WARN_OBJC_ROOT_CLASS = YES_ERROR;
				CLANG_WARN_QUOTED_INCLUDE_IN_FRAMEWORK_HEADER = YES;
				CLANG_WARN_RANGE_LOOP_ANALYSIS = YES;
				CLANG_WARN_STRICT_PROTOTYPES = YES;
				CLANG_WARN_SUSPICIOUS_MOVE = YES;
				CLANG_WARN_UNGUARDED_AVAILABILITY = YES_AGGRESSIVE;
				CLANG_WARN_UNREACHABLE_CODE = YES;
				CLANG_WARN__DUPLICATE_METHOD_MATCH = YES;
				COPY_PHASE_STRIP = NO;
				DEBUG_INFORMATION_FORMAT = dwarf;
				ENABLE_STRICT_OBJC_MSGSEND = YES;
				ENABLE_TESTABILITY = YES;
				GCC_C_LANGUAGE_STANDARD = gnu11;
				GCC_DYNAMIC_NO_PIC = NO;
				GCC_NO_COMMON_BLOCKS = YES;
				GCC_OPTIMIZATION_LEVEL = 0;
				GCC_PREPROCESSOR_DEFINITIONS = (
					"DEBUG=1",
					"$(inherited)",
				);
				GCC_WARN_64_TO_32_BIT_CONVERSION = YES;
				GCC_WARN_ABOUT_RETURN_TYPE = YES_ERROR;
				GCC_WARN_UNDECLARED_SELECTOR = YES;
				GCC_WARN_UNINITIALIZED_AUTOS = YES_AGGRESSIVE;
				GCC_WARN_UNUSED_FUNCTION = YES;
				GCC_WARN_UNUSED_VARIABLE = YES;
				IPHONEOS_DEPLOYMENT_TARGET = 15.4;
				MTL_ENABLE_DEBUG_INFO = INCLUDE_SOURCE;
				MTL_FAST_MATH = YES;
				ONLY_ACTIVE_ARCH = YES;
				SDKROOT = iphoneos;
				SWIFT_ACTIVE_COMPILATION_CONDITIONS = DEBUG;
				SWIFT_OPTIMIZATION_LEVEL = "-Onone";
			};
			name = Debug;
		};
		F63C028B287EAEBB00CA0F07 /* Release */ = {
			isa = XCBuildConfiguration;
			buildSettings = {
				ALWAYS_SEARCH_USER_PATHS = NO;
				CLANG_ANALYZER_NONNULL = YES;
				CLANG_ANALYZER_NUMBER_OBJECT_CONVERSION = YES_AGGRESSIVE;
				CLANG_CXX_LANGUAGE_STANDARD = "gnu++17";
				CLANG_ENABLE_MODULES = YES;
				CLANG_ENABLE_OBJC_ARC = YES;
				CLANG_ENABLE_OBJC_WEAK = YES;
				CLANG_WARN_BLOCK_CAPTURE_AUTORELEASING = YES;
				CLANG_WARN_BOOL_CONVERSION = YES;
				CLANG_WARN_COMMA = YES;
				CLANG_WARN_CONSTANT_CONVERSION = YES;
				CLANG_WARN_DEPRECATED_OBJC_IMPLEMENTATIONS = YES;
				CLANG_WARN_DIRECT_OBJC_ISA_USAGE = YES_ERROR;
				CLANG_WARN_DOCUMENTATION_COMMENTS = YES;
				CLANG_WARN_EMPTY_BODY = YES;
				CLANG_WARN_ENUM_CONVERSION = YES;
				CLANG_WARN_INFINITE_RECURSION = YES;
				CLANG_WARN_INT_CONVERSION = YES;
				CLANG_WARN_NON_LITERAL_NULL_CONVERSION = YES;
				CLANG_WARN_OBJC_IMPLICIT_RETAIN_SELF = YES;
				CLANG_WARN_OBJC_LITERAL_CONVERSION = YES;
				CLANG_WARN_OBJC_ROOT_CLASS = YES_ERROR;
				CLANG_WARN_QUOTED_INCLUDE_IN_FRAMEWORK_HEADER = YES;
				CLANG_WARN_RANGE_LOOP_ANALYSIS = YES;
				CLANG_WARN_STRICT_PROTOTYPES = YES;
				CLANG_WARN_SUSPICIOUS_MOVE = YES;
				CLANG_WARN_UNGUARDED_AVAILABILITY = YES_AGGRESSIVE;
				CLANG_WARN_UNREACHABLE_CODE = YES;
				CLANG_WARN__DUPLICATE_METHOD_MATCH = YES;
				COPY_PHASE_STRIP = NO;
				DEBUG_INFORMATION_FORMAT = "dwarf-with-dsym";
				ENABLE_NS_ASSERTIONS = NO;
				ENABLE_STRICT_OBJC_MSGSEND = YES;
				GCC_C_LANGUAGE_STANDARD = gnu11;
				GCC_NO_COMMON_BLOCKS = YES;
				GCC_WARN_64_TO_32_BIT_CONVERSION = YES;
				GCC_WARN_ABOUT_RETURN_TYPE = YES_ERROR;
				GCC_WARN_UNDECLARED_SELECTOR = YES;
				GCC_WARN_UNINITIALIZED_AUTOS = YES_AGGRESSIVE;
				GCC_WARN_UNUSED_FUNCTION = YES;
				GCC_WARN_UNUSED_VARIABLE = YES;
				IPHONEOS_DEPLOYMENT_TARGET = 15.4;
				MTL_ENABLE_DEBUG_INFO = NO;
				MTL_FAST_MATH = YES;
				SDKROOT = iphoneos;
				SWIFT_COMPILATION_MODE = wholemodule;
				SWIFT_OPTIMIZATION_LEVEL = "-O";
				VALIDATE_PRODUCT = YES;
			};
			name = Release;
		};
		F63C028D287EAEBB00CA0F07 /* Debug */ = {
			isa = XCBuildConfiguration;
			buildSettings = {
				ASSETCATALOG_COMPILER_APPICON_NAME = AppIcon;
				ASSETCATALOG_COMPILER_GLOBAL_ACCENT_COLOR_NAME = AccentColor;
				CODE_SIGN_STYLE = Automatic;
				CURRENT_PROJECT_VERSION = 1;
				GENERATE_INFOPLIST_FILE = YES;
				INFOPLIST_FILE = "SeSAC Week2 EventdayCalculator/Info.plist";
				INFOPLIST_KEY_UIApplicationSupportsIndirectInputEvents = YES;
				INFOPLIST_KEY_UILaunchStoryboardName = LaunchScreen;
				INFOPLIST_KEY_UIMainStoryboardFile = Main;
				INFOPLIST_KEY_UISupportedInterfaceOrientations_iPad = "UIInterfaceOrientationPortrait UIInterfaceOrientationPortraitUpsideDown UIInterfaceOrientationLandscapeLeft UIInterfaceOrientationLandscapeRight";
				INFOPLIST_KEY_UISupportedInterfaceOrientations_iPhone = "UIInterfaceOrientationPortrait UIInterfaceOrientationLandscapeLeft UIInterfaceOrientationLandscapeRight";
				IPHONEOS_DEPLOYMENT_TARGET = 14.0;
				LD_RUNPATH_SEARCH_PATHS = (
					"$(inherited)",
					"@executable_path/Frameworks",
				);
				MARKETING_VERSION = 1.0;
				PRODUCT_BUNDLE_IDENTIFIER = "com.rOarMJ.SeSAC-Week2-EventdayCalculator";
				PRODUCT_NAME = "$(TARGET_NAME)";
				SWIFT_EMIT_LOC_STRINGS = YES;
				SWIFT_VERSION = 5.0;
				TARGETED_DEVICE_FAMILY = 1;
			};
			name = Debug;
		};
		F63C028E287EAEBB00CA0F07 /* Release */ = {
			isa = XCBuildConfiguration;
			buildSettings = {
				ASSETCATALOG_COMPILER_APPICON_NAME = AppIcon;
				ASSETCATALOG_COMPILER_GLOBAL_ACCENT_COLOR_NAME = AccentColor;
				CODE_SIGN_STYLE = Automatic;
				CURRENT_PROJECT_VERSION = 1;
				GENERATE_INFOPLIST_FILE = YES;
				INFOPLIST_FILE = "SeSAC Week2 EventdayCalculator/Info.plist";
				INFOPLIST_KEY_UIApplicationSupportsIndirectInputEvents = YES;
				INFOPLIST_KEY_UILaunchStoryboardName = LaunchScreen;
				INFOPLIST_KEY_UIMainStoryboardFile = Main;
				INFOPLIST_KEY_UISupportedInterfaceOrientations_iPad = "UIInterfaceOrientationPortrait UIInterfaceOrientationPortraitUpsideDown UIInterfaceOrientationLandscapeLeft UIInterfaceOrientationLandscapeRight";
				INFOPLIST_KEY_UISupportedInterfaceOrientations_iPhone = "UIInterfaceOrientationPortrait UIInterfaceOrientationLandscapeLeft UIInterfaceOrientationLandscapeRight";
				IPHONEOS_DEPLOYMENT_TARGET = 14.0;
				LD_RUNPATH_SEARCH_PATHS = (
					"$(inherited)",
					"@executable_path/Frameworks",
				);
				MARKETING_VERSION = 1.0;
				PRODUCT_BUNDLE_IDENTIFIER = "com.rOarMJ.SeSAC-Week2-EventdayCalculator";
				PRODUCT_NAME = "$(TARGET_NAME)";
				SWIFT_EMIT_LOC_STRINGS = YES;
				SWIFT_VERSION = 5.0;
				TARGETED_DEVICE_FAMILY = 1;
			};
			name = Release;
		};
/* End XCBuildConfiguration section */

/* Begin XCConfigurationList section */
		F63C0273287EAEB900CA0F07 /* Build configuration list for PBXProject "SeSAC Week2 EventdayCalculator" */ = {
			isa = XCConfigurationList;
			buildConfigurations = (
				F63C028A287EAEBB00CA0F07 /* Debug */,
				F63C028B287EAEBB00CA0F07 /* Release */,
			);
			defaultConfigurationIsVisible = 0;
			defaultConfigurationName = Release;
		};
		F63C028C287EAEBB00CA0F07 /* Build configuration list for PBXNativeTarget "SeSAC Week2 EventdayCalculator" */ = {
			isa = XCConfigurationList;
			buildConfigurations = (
				F63C028D287EAEBB00CA0F07 /* Debug */,
				F63C028E287EAEBB00CA0F07 /* Release */,
			);
			defaultConfigurationIsVisible = 0;
			defaultConfigurationName = Release;
		};
/* End XCConfigurationList section */

/* Begin XCRemoteSwiftPackageReference section */
		F63C0297287FAF5100CA0F07 /* XCRemoteSwiftPackageReference "FSCalendar" */ = {
			isa = XCRemoteSwiftPackageReference;
			repositoryURL = "https://github.com/WenchaoD/FSCalendar.git";
			requirement = {
				kind = upToNextMajorVersion;
				minimumVersion = 2.0.0;
			};
		};
		F63C029A287FAFAD00CA0F07 /* XCRemoteSwiftPackageReference "SideMenu" */ = {
			isa = XCRemoteSwiftPackageReference;
			repositoryURL = "https://github.com/jonkykong/SideMenu.git";
			requirement = {
				kind = upToNextMajorVersion;
				minimumVersion = 6.0.0;
			};
		};
		F63C029D287FAFCF00CA0F07 /* XCRemoteSwiftPackageReference "TextFieldEffects" */ = {
			isa = XCRemoteSwiftPackageReference;
			repositoryURL = "https://github.com/raulriera/TextFieldEffects.git";
			requirement = {
				kind = upToNextMajorVersion;
				minimumVersion = 1.0.0;
			};
		};
		F63C02A3287FBE4200CA0F07 /* XCRemoteSwiftPackageReference "IQKeyboardManager" */ = {
			isa = XCRemoteSwiftPackageReference;
			repositoryURL = "https://github.com/hackiftekhar/IQKeyboardManager.git";
			requirement = {
				kind = exactVersion;
				version = 6.5.0;
			};
		};
/* End XCRemoteSwiftPackageReference section */

/* Begin XCSwiftPackageProductDependency section */
		F63C0298287FAF5100CA0F07 /* FSCalendar */ = {
			isa = XCSwiftPackageProductDependency;
			package = F63C0297287FAF5100CA0F07 /* XCRemoteSwiftPackageReference "FSCalendar" */;
			productName = FSCalendar;
		};
		F63C029B287FAFAD00CA0F07 /* SideMenu */ = {
			isa = XCSwiftPackageProductDependency;
			package = F63C029A287FAFAD00CA0F07 /* XCRemoteSwiftPackageReference "SideMenu" */;
			productName = SideMenu;
		};
		F63C029E287FAFCF00CA0F07 /* TextFieldEffects */ = {
			isa = XCSwiftPackageProductDependency;
			package = F63C029D287FAFCF00CA0F07 /* XCRemoteSwiftPackageReference "TextFieldEffects" */;
			productName = TextFieldEffects;
		};
		F63C02A4287FBE4200CA0F07 /* IQKeyboardManagerSwift */ = {
			isa = XCSwiftPackageProductDependency;
			package = F63C02A3287FBE4200CA0F07 /* XCRemoteSwiftPackageReference "IQKeyboardManager" */;
			productName = IQKeyboardManagerSwift;
		};
/* End XCSwiftPackageProductDependency section */
	};
	rootObject = F63C0270287EAEB900CA0F07 /* Project object */;
}
